blitiri.com.ar/go/spf v1.6.0 h1:TK91HOya1R2J5b+x+NZfdYTqDqbr+Q+hil5gy8WzLDQ=
blitiri.com.ar/go/spf v1.6.0/go.mod h1:x9HYT28jEB65YMJOIVWSx0p88YCJ2h1N0fDFEhhWFBc=
github.com/emersion/go-msgauth v0.7.0 h1:vj2hMn6KhFtW41kshIBTXvp6KgYSqpA/ZN9Pv4g1INc=
github.com/emersion/go-msgauth v0.7.0/go.mod h1:mmS9I6HkSovrNgq0HNXTeu8l3sRAAuQ9RMvbM4KU7Ck=
github.com/emersion/go-sasl v0.0.0-20200509203442-7bfe0ed36a21 h1:OJyUGMJTzHTd1XQp98QTaHernxMYzRaOasRir9hUlFQ=
github.com/emersion/go-sasl v0.0.0-20200509203442-7bfe0ed36a21/go.mod h1:iL2twTeMvZnrg54ZoPDNfJaJaqy0xIQFuBdrLsmspwQ=
github.com/emersion/go-smtp v0.21.3 h1:7uVwagE8iPYE48WhNsng3RRpCUpFvNl39JGNSIyGVMY=
github.com/emersion/go-smtp v0.21.3/go.mod h1:qm27SGYgoIPRot6ubfQ/GpiPy/g3PaZAVRxiO/sDUgQ=
golang.org/x/crypto v0.57.0 h1:3ZVCjf8Ggz7zneR/EHRVx68Ctf+2pmIMP2UFhh9cC6M=
golang.org/x/crypto v0.57.0/go.mod h1:Fdz0i5U6CoizGwLda9DttjSk6qlZo25zYNtR+ycvuZA=
golang.org/x/net v0.59.0 h1:5zfYln+w5XCxwrnMMJPufRgNoXEaGxl0wo5GqPXyues=
golang.org/x/net v0.59.0/go.mod h1:2DA/G1UfVbCpQPeWTmMPGY7Cs2PkBkwu743bVX5PIVg=
golang.org/x/text v0.42.0 h1:JbOZXgfeCPU9gacVtYliJqOhD+zhrEqK4LfdpmlUZqI=
golang.org/x/text v0.42.0/go.mod h1:ojzP1Z+2QtioaF8DTtO8K5q7JWVVYwZKenzujK0Zd0E=
gopkg.in/yaml.v3 v3.0.1 h1:fxVm/GzAzEWqLHuvctI91KS9hhNmmWOoWu0XTYJS7CA=
gopkg.in/yaml.v3 v3.0.1/go.mod h1:K4uyk7z7BCEPqu6E+C64Yfv1cQ7kz7rIZviUmN+EgEM=
